
Microsoft Visual Studio Solution File, Format Version 12.00
# Visual Studio 15
VisualStudioVersion = 15.0.28010.2019
MinimumVisualStudioVersion = 10.0.40219.1
Project("{FAE04EC0-301F-11D3-BF4B-00C04F79EFBC}") = "CoachMe", "CoachMe\CoachMe.csproj", "{91081D14-8CE2-497C-A11E-2A4CDC1AACEE}"
EndProject
Global
	GlobalSection(SolutionConfigurationPlatforms) = preSolution
		Debug|Any CPU = Debug|Any CPU
		Release|Any CPU = Release|Any CPU
	EndGlobalSection
	GlobalSection(ProjectConfigurationPlatforms) = postSolution
		{91081D14-8CE2-497C-A11E-2A4CDC1AACEE}.Debug|Any CPU.ActiveCfg = Debug|Any CPU
		{91081D14-8CE2-497C-A11E-2A4CDC1AACEE}.Debug|Any CPU.Build.0 = Debug|Any CPU
		{91081D14-8CE2-497C-A11E-2A4CDC1AACEE}.Release|Any CPU.ActiveCfg = Release|Any CPU
		{91081D14-8CE2-497C-A11E-2A4CDC1AACEE}.Release|Any CPU.Build.0 = Release|Any CPU
	EndGlobalSection
	GlobalSection(SolutionProperties) = preSolution
		HideSolutionNode = FALSE
	EndGlobalSection
	GlobalSection(ExtensibilityGlobals) = postSolution
		SolutionGuid = {3DBB20DA-3582-4BCE-8418-F620B7C8B68F}
	EndGlobalSection
EndGlobal
